// !$*UTF8*$!
{
	archiveVersion = 1;
	classes = {
	};
	objectVersion = 56;
	objects = {

/* Begin PBXBuildFile section */
		CE026F2A29EDB12700B0A4D1 /* MainLayout.swift in Sources */ = {isa = PBXBuildFile; fileRef = CE026F2929EDB12700B0A4D1 /* MainLayout.swift */; };
		CE026F2C29EDB1E600B0A4D1 /* UICollectionView+Extension.swift in Sources */ = {isa = PBXBuildFile; fileRef = CE026F2B29EDB1E600B0A4D1 /* UICollectionView+Extension.swift */; };
		CE026F2E29EDB21800B0A4D1 /* Protocols.swift in Sources */ = {isa = PBXBuildFile; fileRef = CE026F2D29EDB21800B0A4D1 /* Protocols.swift */; };
		CE026F3429EDD7E900B0A4D1 /* ItemView.swift in Sources */ = {isa = PBXBuildFile; fileRef = CE026F3329EDD7E900B0A4D1 /* ItemView.swift */; };
		CE026F3629EDD7FA00B0A4D1 /* ItemViewController.swift in Sources */ = {isa = PBXBuildFile; fileRef = CE026F3529EDD7FA00B0A4D1 /* ItemViewController.swift */; };
		CE3CC56229ED57A40043094E /* AppDelegate.swift in Sources */ = {isa = PBXBuildFile; fileRef = CE3CC56129ED57A40043094E /* AppDelegate.swift */; };
		CE3CC56629ED57A40043094E /* MainViewController.swift in Sources */ = {isa = PBXBuildFile; fileRef = CE3CC56529ED57A40043094E /* MainViewController.swift */; };
		CE3CC56B29ED57A80043094E /* Assets.xcassets in Resources */ = {isa = PBXBuildFile; fileRef = CE3CC56A29ED57A80043094E /* Assets.xcassets */; };
		CE3CC56E29ED57A80043094E /* LaunchScreen.storyboard in Resources */ = {isa = PBXBuildFile; fileRef = CE3CC56C29ED57A80043094E /* LaunchScreen.storyboard */; };
		CE3CC57829ED61D70043094E /* MainView.swift in Sources */ = {isa = PBXBuildFile; fileRef = CE3CC57729ED61D70043094E /* MainView.swift */; };
		CE3CC57A29ED62E50043094E /* MainCollectionViewCell.swift in Sources */ = {isa = PBXBuildFile; fileRef = CE3CC57929ED62E50043094E /* MainCollectionViewCell.swift */; };
		CE3CC57D29ED639C0043094E /* SnapKit in Frameworks */ = {isa = PBXBuildFile; productRef = CE3CC57C29ED639C0043094E /* SnapKit */; };
		CE3CC58029ED63F20043094E /* Moya in Frameworks */ = {isa = PBXBuildFile; productRef = CE3CC57F29ED63F20043094E /* Moya */; };
		CE3CC58329ED642F0043094E /* Kingfisher in Frameworks */ = {isa = PBXBuildFile; productRef = CE3CC58229ED642F0043094E /* Kingfisher */; };
		CE3CC58529ED65400043094E /* Colors.xcassets in Resources */ = {isa = PBXBuildFile; fileRef = CE3CC58429ED65400043094E /* Colors.xcassets */; };
		CE3CC58729ED663E0043094E /* UIColor+Extension.swift in Sources */ = {isa = PBXBuildFile; fileRef = CE3CC58629ED663E0043094E /* UIColor+Extension.swift */; };
/* End PBXBuildFile section */

/* Begin PBXFileReference section */
		CE026F2929EDB12700B0A4D1 /* MainLayout.swift */ = {isa = PBXFileReference; lastKnownFileType = sourcecode.swift; path = MainLayout.swift; sourceTree = "<group>"; };
		CE026F2B29EDB1E600B0A4D1 /* UICollectionView+Extension.swift */ = {isa = PBXFileReference; lastKnownFileType = sourcecode.swift; path = "UICollectionView+Extension.swift"; sourceTree = "<group>"; };
		CE026F2D29EDB21800B0A4D1 /* Protocols.swift */ = {isa = PBXFileReference; lastKnownFileType = sourcecode.swift; path = Protocols.swift; sourceTree = "<group>"; };
		CE026F3329EDD7E900B0A4D1 /* ItemView.swift */ = {isa = PBXFileReference; lastKnownFileType = sourcecode.swift; path = ItemView.swift; sourceTree = "<group>"; };
		CE026F3529EDD7FA00B0A4D1 /* ItemViewController.swift */ = {isa = PBXFileReference; lastKnownFileType = sourcecode.swift; path = ItemViewController.swift; sourceTree = "<group>"; };
		CE3CC55E29ED57A40043094E /* Agrohub_searcher.app */ = {isa = PBXFileReference; explicitFileType = wrapper.application; includeInIndex = 0; path = Agrohub_searcher.app; sourceTree = BUILT_PRODUCTS_DIR; };
		CE3CC56129ED57A40043094E /* AppDelegate.swift */ = {isa = PBXFileReference; lastKnownFileType = sourcecode.swift; path = AppDelegate.swift; sourceTree = "<group>"; };
		CE3CC56529ED57A40043094E /* MainViewController.swift */ = {isa = PBXFileReference; lastKnownFileType = sourcecode.swift; path = MainViewController.swift; sourceTree = "<group>"; };
		CE3CC56A29ED57A80043094E /* Assets.xcassets */ = {isa = PBXFileReference; lastKnownFileType = folder.assetcatalog; path = Assets.xcassets; sourceTree = "<group>"; };
		CE3CC56D29ED57A80043094E /* Base */ = {isa = PBXFileReference; lastKnownFileType = file.storyboard; name = Base; path = Base.lproj/LaunchScreen.storyboard; sourceTree = "<group>"; };
		CE3CC56F29ED57A80043094E /* Info.plist */ = {isa = PBXFileReference; lastKnownFileType = text.plist.xml; path = Info.plist; sourceTree = "<group>"; };
		CE3CC57729ED61D70043094E /* MainView.swift */ = {isa = PBXFileReference; lastKnownFileType = sourcecode.swift; path = MainView.swift; sourceTree = "<group>"; };
		CE3CC57929ED62E50043094E /* MainCollectionViewCell.swift */ = {isa = PBXFileReference; lastKnownFileType = sourcecode.swift; path = MainCollectionViewCell.swift; sourceTree = "<group>"; };
		CE3CC58429ED65400043094E /* Colors.xcassets */ = {isa = PBXFileReference; lastKnownFileType = folder.assetcatalog; path = Colors.xcassets; sourceTree = "<group>"; };
		CE3CC58629ED663E0043094E /* UIColor+Extension.swift */ = {isa = PBXFileReference; lastKnownFileType = sourcecode.swift; path = "UIColor+Extension.swift"; sourceTree = "<group>"; };
/* End PBXFileReference section */

/* Begin PBXFrameworksBuildPhase section */
		CE3CC55B29ED57A40043094E /* Frameworks */ = {
			isa = PBXFrameworksBuildPhase;
			buildActionMask = 2147483647;
			files = (
				CE3CC58329ED642F0043094E /* Kingfisher in Frameworks */,
				CE3CC58029ED63F20043094E /* Moya in Frameworks */,
				CE3CC57D29ED639C0043094E /* SnapKit in Frameworks */,
			);
			runOnlyForDeploymentPostprocessing = 0;
		};
/* End PBXFrameworksBuildPhase section */

/* Begin PBXGroup section */
		CE026F2F29EDB2AC00B0A4D1 /* Extensions */ = {
			isa = PBXGroup;
			children = (
				CE026F2B29EDB1E600B0A4D1 /* UICollectionView+Extension.swift */,
				CE3CC58629ED663E0043094E /* UIColor+Extension.swift */,
			);
			path = Extensions;
			sourceTree = "<group>";
		};
		CE026F3029EDB2C800B0A4D1 /* Helpers */ = {
			isa = PBXGroup;
			children = (
				CE3CC56129ED57A40043094E /* AppDelegate.swift */,
				CE026F2F29EDB2AC00B0A4D1 /* Extensions */,
			);
			path = Helpers;
			sourceTree = "<group>";
		};
		CE026F3129EDD7B600B0A4D1 /* Main */ = {
			isa = PBXGroup;
			children = (
				CE3CC57729ED61D70043094E /* MainView.swift */,
				CE3CC56529ED57A40043094E /* MainViewController.swift */,
				CE3CC57929ED62E50043094E /* MainCollectionViewCell.swift */,
				CE026F2929EDB12700B0A4D1 /* MainLayout.swift */,
			);
			path = Main;
			sourceTree = "<group>";
		};
		CE026F3229EDD7C900B0A4D1 /* ProductItem */ = {
			isa = PBXGroup;
			children = (
				CE026F3329EDD7E900B0A4D1 /* ItemView.swift */,
				CE026F3529EDD7FA00B0A4D1 /* ItemViewController.swift */,
			);
			path = ProductItem;
			sourceTree = "<group>";
		};
		CE3CC55529ED57A40043094E = {
			isa = PBXGroup;
			children = (
				CE3CC56029ED57A40043094E /* Agrohub_searcher */,
				CE3CC55F29ED57A40043094E /* Products */,
			);
			sourceTree = "<group>";
		};
		CE3CC55F29ED57A40043094E /* Products */ = {
			isa = PBXGroup;
			children = (
				CE3CC55E29ED57A40043094E /* Agrohub_searcher.app */,
			);
			name = Products;
			sourceTree = "<group>";
		};
		CE3CC56029ED57A40043094E /* Agrohub_searcher */ = {
			isa = PBXGroup;
			children = (
				CE026F3229EDD7C900B0A4D1 /* ProductItem */,
				CE026F3129EDD7B600B0A4D1 /* Main */,
				CE026F3029EDB2C800B0A4D1 /* Helpers */,
				CE026F2D29EDB21800B0A4D1 /* Protocols.swift */,
				CE3CC56A29ED57A80043094E /* Assets.xcassets */,
				CE3CC58429ED65400043094E /* Colors.xcassets */,
				CE3CC56C29ED57A80043094E /* LaunchScreen.storyboard */,
				CE3CC56F29ED57A80043094E /* Info.plist */,
			);
			path = Agrohub_searcher;
			sourceTree = "<group>";
		};
/* End PBXGroup section */

/* Begin PBXNativeTarget section */
		CE3CC55D29ED57A40043094E /* Agrohub_searcher */ = {
			isa = PBXNativeTarget;
			buildConfigurationList = CE3CC57229ED57A80043094E /* Build configuration list for PBXNativeTarget "Agrohub_searcher" */;
			buildPhases = (
				CE3CC55A29ED57A40043094E /* Sources */,
				CE3CC55B29ED57A40043094E /* Frameworks */,
				CE3CC55C29ED57A40043094E /* Resources */,
				CE3CC57529ED5A690043094E /* SwiftFormat */,
				CE3CC57629ED5A910043094E /* SwiftLint */,
			);
			buildRules = (
			);
			dependencies = (
			);
			name = Agrohub_searcher;
			packageProductDependencies = (
				CE3CC57C29ED639C0043094E /* SnapKit */,
				CE3CC57F29ED63F20043094E /* Moya */,
				CE3CC58229ED642F0043094E /* Kingfisher */,
			);
			productName = Agrohub_searcher;
			productReference = CE3CC55E29ED57A40043094E /* Agrohub_searcher.app */;
			productType = "com.apple.product-type.application";
		};
/* End PBXNativeTarget section */

/* Begin PBXProject section */
		CE3CC55629ED57A40043094E /* Project object */ = {
			isa = PBXProject;
			attributes = {
				BuildIndependentTargetsInParallel = 1;
				LastSwiftUpdateCheck = 1420;
				LastUpgradeCheck = 1420;
				TargetAttributes = {
					CE3CC55D29ED57A40043094E = {
						CreatedOnToolsVersion = 14.2;
					};
				};
			};
			buildConfigurationList = CE3CC55929ED57A40043094E /* Build configuration list for PBXProject "Agrohub_searcher" */;
			compatibilityVersion = "Xcode 14.0";
			developmentRegion = en;
			hasScannedForEncodings = 0;
			knownRegions = (
				en,
				Base,
			);
			mainGroup = CE3CC55529ED57A40043094E;
			packageReferences = (
				CE3CC57B29ED639C0043094E /* XCRemoteSwiftPackageReference "SnapKit" */,
				CE3CC57E29ED63F20043094E /* XCRemoteSwiftPackageReference "Moya" */,
				CE3CC58129ED642F0043094E /* XCRemoteSwiftPackageReference "Kingfisher" */,
			);
			productRefGroup = CE3CC55F29ED57A40043094E /* Products */;
			projectDirPath = "";
			projectRoot = "";
			targets = (
				CE3CC55D29ED57A40043094E /* Agrohub_searcher */,
			);
		};
/* End PBXProject section */

/* Begin PBXResourcesBuildPhase section */
		CE3CC55C29ED57A40043094E /* Resources */ = {
			isa = PBXResourcesBuildPhase;
			buildActionMask = 2147483647;
			files = (
				CE3CC58529ED65400043094E /* Colors.xcassets in Resources */,
				CE3CC56E29ED57A80043094E /* LaunchScreen.storyboard in Resources */,
				CE3CC56B29ED57A80043094E /* Assets.xcassets in Resources */,
			);
			runOnlyForDeploymentPostprocessing = 0;
		};
/* End PBXResourcesBuildPhase section */

/* Begin PBXShellScriptBuildPhase section */
		CE3CC57529ED5A690043094E /* SwiftFormat */ = {
			isa = PBXShellScriptBuildPhase;
			alwaysOutOfDate = 1;
			buildActionMask = 2147483647;
			files = (
			);
			inputFileListPaths = (
			);
			inputPaths = (
			);
			name = SwiftFormat;
			outputFileListPaths = (
			);
			outputPaths = (
			);
			runOnlyForDeploymentPostprocessing = 0;
			shellPath = /bin/sh;
			shellScript = "if which swiftformat >/dev/null; then\n  swiftformat .\nelse\n  echo \"warning: SwiftFormat not installed, download from https://github.com/nicklockwood/SwiftFormat\"\nfi\n";
		};
		CE3CC57629ED5A910043094E /* SwiftLint */ = {
			isa = PBXShellScriptBuildPhase;
			alwaysOutOfDate = 1;
			buildActionMask = 2147483647;
			files = (
			);
			inputFileListPaths = (
			);
			inputPaths = (
			);
			name = SwiftLint;
			outputFileListPaths = (
			);
			outputPaths = (
			);
			runOnlyForDeploymentPostprocessing = 0;
			shellPath = /bin/sh;
			shellScript = "export PATH=\"$PATH:/opt/homebrew/bin\"\nif which swiftlint > /dev/null; then\n  swiftlint\nelse\n  echo \"warning: SwiftLint not installed, download from https://github.com/realm/SwiftLint\"\nfi\n\n";
		};
/* End PBXShellScriptBuildPhase section */

/* Begin PBXSourcesBuildPhase section */
		CE3CC55A29ED57A40043094E /* Sources */ = {
			isa = PBXSourcesBuildPhase;
			buildActionMask = 2147483647;
			files = (
				CE3CC56629ED57A40043094E /* MainViewController.swift in Sources */,
				CE026F2C29EDB1E600B0A4D1 /* UICollectionView+Extension.swift in Sources */,
				CE3CC57829ED61D70043094E /* MainView.swift in Sources */,
				CE026F2A29EDB12700B0A4D1 /* MainLayout.swift in Sources */,
				CE026F3429EDD7E900B0A4D1 /* ItemView.swift in Sources */,
				CE3CC56229ED57A40043094E /* AppDelegate.swift in Sources */,
				CE3CC57A29ED62E50043094E /* MainCollectionViewCell.swift in Sources */,
				CE026F3629EDD7FA00B0A4D1 /* ItemViewController.swift in Sources */,
				CE026F2E29EDB21800B0A4D1 /* Protocols.swift in Sources */,
				CE3CC58729ED663E0043094E /* UIColor+Extension.swift in Sources */,
			);
			runOnlyForDeploymentPostprocessing = 0;
		};
/* End PBXSourcesBuildPhase section */

/* Begin PBXVariantGroup section */
		CE3CC56C29ED57A80043094E /* LaunchScreen.storyboard */ = {
			isa = PBXVariantGroup;
			children = (
				CE3CC56D29ED57A80043094E /* Base */,
			);
			name = LaunchScreen.storyboard;
			sourceTree = "<group>";
		};
/* End PBXVariantGroup section */

/* Begin XCBuildConfiguration section */
		CE3CC57029ED57A80043094E /* Debug */ = {
			isa = XCBuildConfiguration;
			buildSettings = {
				ALWAYS_SEARCH_USER_PATHS = NO;
				CLANG_ANALYZER_NONNULL = YES;
				CLANG_ANALYZER_NUMBER_OBJECT_CONVERSION = YES_AGGRESSIVE;
				CLANG_CXX_LANGUAGE_STANDARD = "gnu++20";
				CLANG_ENABLE_MODULES = YES;
				CLANG_ENABLE_OBJC_ARC = YES;
				CLANG_ENABLE_OBJC_WEAK = YES;
				CLANG_WARN_BLOCK_CAPTURE_AUTORELEASING = YES;
				CLANG_WARN_BOOL_CONVERSION = YES;
				CLANG_WARN_COMMA = YES;
				CLANG_WARN_CONSTANT_CONVERSION = YES;
				CLANG_WARN_DEPRECATED_OBJC_IMPLEMENTATIONS = YES;
				CLANG_WARN_DIRECT_OBJC_ISA_USAGE = YES_ERROR;
				CLANG_WARN_DOCUMENTATION_COMMENTS = YES;
				CLANG_WARN_EMPTY_BODY = YES;
				CLANG_WARN_ENUM_CONVERSION = YES;
				CLANG_WARN_INFINITE_RECURSION = YES;
				CLANG_WARN_INT_CONVERSION = YES;
				CLANG_WARN_NON_LITERAL_NULL_CONVERSION = YES;
				CLANG_WARN_OBJC_IMPLICIT_RETAIN_SELF = YES;
				CLANG_WARN_OBJC_LITERAL_CONVERSION = YES;
				CLANG_WARN_OBJC_ROOT_CLASS = YES_ERROR;
				CLANG_WARN_QUOTED_INCLUDE_IN_FRAMEWORK_HEADER = YES;
				CLANG_WARN_RANGE_LOOP_ANALYSIS = YES;
				CLANG_WARN_STRICT_PROTOTYPES = YES;
				CLANG_WARN_SUSPICIOUS_MOVE = YES;
				CLANG_WARN_UNGUARDED_AVAILABILITY = YES_AGGRESSIVE;
				CLANG_WARN_UNREACHABLE_CODE = YES;
				CLANG_WARN__DUPLICATE_METHOD_MATCH = YES;
				COPY_PHASE_STRIP = NO;
				DEBUG_INFORMATION_FORMAT = dwarf;
				ENABLE_STRICT_OBJC_MSGSEND = YES;
				ENABLE_TESTABILITY = YES;
				GCC_C_LANGUAGE_STANDARD = gnu11;
				GCC_DYNAMIC_NO_PIC = NO;
				GCC_NO_COMMON_BLOCKS = YES;
				GCC_OPTIMIZATION_LEVEL = 0;
				GCC_PREPROCESSOR_DEFINITIONS = (
					"DEBUG=1",
					"$(inherited)",
				);
				GCC_WARN_64_TO_32_BIT_CONVERSION = YES;
				GCC_WARN_ABOUT_RETURN_TYPE = YES_ERROR;
				GCC_WARN_UNDECLARED_SELECTOR = YES;
				GCC_WARN_UNINITIALIZED_AUTOS = YES_AGGRESSIVE;
				GCC_WARN_UNUSED_FUNCTION = YES;
				GCC_WARN_UNUSED_VARIABLE = YES;
				IPHONEOS_DEPLOYMENT_TARGET = 16.2;
				MTL_ENABLE_DEBUG_INFO = INCLUDE_SOURCE;
				MTL_FAST_MATH = YES;
				ONLY_ACTIVE_ARCH = YES;
				SDKROOT = iphoneos;
				SWIFT_ACTIVE_COMPILATION_CONDITIONS = DEBUG;
				SWIFT_OPTIMIZATION_LEVEL = "-Onone";
			};
			name = Debug;
		};
		CE3CC57129ED57A80043094E /* Release */ = {
			isa = XCBuildConfiguration;
			buildSettings = {
				ALWAYS_SEARCH_USER_PATHS = NO;
				CLANG_ANALYZER_NONNULL = YES;
				CLANG_ANALYZER_NUMBER_OBJECT_CONVERSION = YES_AGGRESSIVE;
				CLANG_CXX_LANGUAGE_STANDARD = "gnu++20";
				CLANG_ENABLE_MODULES = YES;
				CLANG_ENABLE_OBJC_ARC = YES;
				CLANG_ENABLE_OBJC_WEAK = YES;
				CLANG_WARN_BLOCK_CAPTURE_AUTORELEASING = YES;
				CLANG_WARN_BOOL_CONVERSION = YES;
				CLANG_WARN_COMMA = YES;
				CLANG_WARN_CONSTANT_CONVERSION = YES;
				CLANG_WARN_DEPRECATED_OBJC_IMPLEMENTATIONS = YES;
				CLANG_WARN_DIRECT_OBJC_ISA_USAGE = YES_ERROR;
				CLANG_WARN_DOCUMENTATION_COMMENTS = YES;
				CLANG_WARN_EMPTY_BODY = YES;
				CLANG_WARN_ENUM_CONVERSION = YES;
				CLANG_WARN_INFINITE_RECURSION = YES;
				CLANG_WARN_INT_CONVERSION = YES;
				CLANG_WARN_NON_LITERAL_NULL_CONVERSION = YES;
				CLANG_WARN_OBJC_IMPLICIT_RETAIN_SELF = YES;
				CLANG_WARN_OBJC_LITERAL_CONVERSION = YES;
				CLANG_WARN_OBJC_ROOT_CLASS = YES_ERROR;
				CLANG_WARN_QUOTED_INCLUDE_IN_FRAMEWORK_HEADER = YES;
				CLANG_WARN_RANGE_LOOP_ANALYSIS = YES;
				CLANG_WARN_STRICT_PROTOTYPES = YES;
				CLANG_WARN_SUSPICIOUS_MOVE = YES;
				CLANG_WARN_UNGUARDED_AVAILABILITY = YES_AGGRESSIVE;
				CLANG_WARN_UNREACHABLE_CODE = YES;
				CLANG_WARN__DUPLICATE_METHOD_MATCH = YES;
				COPY_PHASE_STRIP = NO;
				DEBUG_INFORMATION_FORMAT = "dwarf-with-dsym";
				ENABLE_NS_ASSERTIONS = NO;
				ENABLE_STRICT_OBJC_MSGSEND = YES;
				GCC_C_LANGUAGE_STANDARD = gnu11;
				GCC_NO_COMMON_BLOCKS = YES;
				GCC_WARN_64_TO_32_BIT_CONVERSION = YES;
				GCC_WARN_ABOUT_RETURN_TYPE = YES_ERROR;
				GCC_WARN_UNDECLARED_SELECTOR = YES;
				GCC_WARN_UNINITIALIZED_AUTOS = YES_AGGRESSIVE;
				GCC_WARN_UNUSED_FUNCTION = YES;
				GCC_WARN_UNUSED_VARIABLE = YES;
				IPHONEOS_DEPLOYMENT_TARGET = 16.2;
				MTL_ENABLE_DEBUG_INFO = NO;
				MTL_FAST_MATH = YES;
				SDKROOT = iphoneos;
				SWIFT_COMPILATION_MODE = wholemodule;
				SWIFT_OPTIMIZATION_LEVEL = "-O";
				VALIDATE_PRODUCT = YES;
			};
			name = Release;
		};
		CE3CC57329ED57A80043094E /* Debug */ = {
			isa = XCBuildConfiguration;
			buildSettings = {
				ASSETCATALOG_COMPILER_APPICON_NAME = AppIcon;
				ASSETCATALOG_COMPILER_GLOBAL_ACCENT_COLOR_NAME = AccentColor;
				CODE_SIGN_STYLE = Automatic;
				CURRENT_PROJECT_VERSION = 1;
				DEVELOPMENT_TEAM = B7MDH9MJ6R;
				GENERATE_INFOPLIST_FILE = YES;
				INFOPLIST_FILE = Agrohub_searcher/Info.plist;
				INFOPLIST_KEY_UIApplicationSupportsIndirectInputEvents = YES;
				INFOPLIST_KEY_UILaunchStoryboardName = LaunchScreen;
				INFOPLIST_KEY_UISupportedInterfaceOrientations = UIInterfaceOrientationPortrait;
				LD_RUNPATH_SEARCH_PATHS = (
					"$(inherited)",
					"@executable_path/Frameworks",
				);
				MARKETING_VERSION = 1.0;
				PRODUCT_BUNDLE_IDENTIFIER = "com.zlataguseva.Agrohub-searcher";
				PRODUCT_NAME = "$(TARGET_NAME)";
				SUPPORTED_PLATFORMS = "iphoneos iphonesimulator";
				SUPPORTS_MACCATALYST = NO;
				SUPPORTS_MAC_DESIGNED_FOR_IPHONE_IPAD = NO;
				SWIFT_EMIT_LOC_STRINGS = YES;
				SWIFT_VERSION = 5.0;
				TARGETED_DEVICE_FAMILY = 1;
			};
			name = Debug;
		};
		CE3CC57429ED57A80043094E /* Release */ = {
			isa = XCBuildConfiguration;
			buildSettings = {
				ASSETCATALOG_COMPILER_APPICON_NAME = AppIcon;
				ASSETCATALOG_COMPILER_GLOBAL_ACCENT_COLOR_NAME = AccentColor;
				CODE_SIGN_STYLE = Automatic;
				CURRENT_PROJECT_VERSION = 1;
				DEVELOPMENT_TEAM = B7MDH9MJ6R;
				GENERATE_INFOPLIST_FILE = YES;
				INFOPLIST_FILE = Agrohub_searcher/Info.plist;
				INFOPLIST_KEY_UIApplicationSupportsIndirectInputEvents = YES;
				INFOPLIST_KEY_UILaunchStoryboardName = LaunchScreen;
				INFOPLIST_KEY_UISupportedInterfaceOrientations = UIInterfaceOrientationPortrait;
				LD_RUNPATH_SEARCH_PATHS = (
					"$(inherited)",
					"@executable_path/Frameworks",
				);
				MARKETING_VERSION = 1.0;
				PRODUCT_BUNDLE_IDENTIFIER = "com.zlataguseva.Agrohub-searcher";
				PRODUCT_NAME = "$(TARGET_NAME)";
				SUPPORTED_PLATFORMS = "iphoneos iphonesimulator";
				SUPPORTS_MACCATALYST = NO;
				SUPPORTS_MAC_DESIGNED_FOR_IPHONE_IPAD = NO;
				SWIFT_EMIT_LOC_STRINGS = YES;
				SWIFT_VERSION = 5.0;
				TARGETED_DEVICE_FAMILY = 1;
			};
			name = Release;
		};
/* End XCBuildConfiguration section */

/* Begin XCConfigurationList section */
		CE3CC55929ED57A40043094E /* Build configuration list for PBXProject "Agrohub_searcher" */ = {
			isa = XCConfigurationList;
			buildConfigurations = (
				CE3CC57029ED57A80043094E /* Debug */,
				CE3CC57129ED57A80043094E /* Release */,
			);
			defaultConfigurationIsVisible = 0;
			defaultConfigurationName = Release;
		};
		CE3CC57229ED57A80043094E /* Build configuration list for PBXNativeTarget "Agrohub_searcher" */ = {
			isa = XCConfigurationList;
			buildConfigurations = (
				CE3CC57329ED57A80043094E /* Debug */,
				CE3CC57429ED57A80043094E /* Release */,
			);
			defaultConfigurationIsVisible = 0;
			defaultConfigurationName = Release;
		};
/* End XCConfigurationList section */

/* Begin XCRemoteSwiftPackageReference section */
		CE3CC57B29ED639C0043094E /* XCRemoteSwiftPackageReference "SnapKit" */ = {
			isa = XCRemoteSwiftPackageReference;
			repositoryURL = "https://github.com/SnapKit/SnapKit";
			requirement = {
				kind = upToNextMajorVersion;
				minimumVersion = 5.0.0;
			};
		};
		CE3CC57E29ED63F20043094E /* XCRemoteSwiftPackageReference "Moya" */ = {
			isa = XCRemoteSwiftPackageReference;
			repositoryURL = "https://github.com/Moya/Moya.git";
			requirement = {
				kind = upToNextMajorVersion;
				minimumVersion = 15.0.0;
			};
		};
		CE3CC58129ED642F0043094E /* XCRemoteSwiftPackageReference "Kingfisher" */ = {
			isa = XCRemoteSwiftPackageReference;
			repositoryURL = "https://github.com/onevcat/Kingfisher.git";
			requirement = {
				kind = upToNextMajorVersion;
				minimumVersion = 7.0.0;
			};
		};
/* End XCRemoteSwiftPackageReference section */

/* Begin XCSwiftPackageProductDependency section */
		CE3CC57C29ED639C0043094E /* SnapKit */ = {
			isa = XCSwiftPackageProductDependency;
			package = CE3CC57B29ED639C0043094E /* XCRemoteSwiftPackageReference "SnapKit" */;
			productName = SnapKit;
		};
		CE3CC57F29ED63F20043094E /* Moya */ = {
			isa = XCSwiftPackageProductDependency;
			package = CE3CC57E29ED63F20043094E /* XCRemoteSwiftPackageReference "Moya" */;
			productName = Moya;
		};
		CE3CC58229ED642F0043094E /* Kingfisher */ = {
			isa = XCSwiftPackageProductDependency;
			package = CE3CC58129ED642F0043094E /* XCRemoteSwiftPackageReference "Kingfisher" */;
			productName = Kingfisher;
		};
/* End XCSwiftPackageProductDependency section */
	};
	rootObject = CE3CC55629ED57A40043094E /* Project object */;
}
